{
  "name": "iroh-tunnel",
  "version": "0.1.0",
  "lockfileVersion": 3,
  "requires": true,
  "packages": {
    "": {
      "name": "iroh-tunnel",
      "version": "0.1.0",
      "license": "MIT",
      "dependencies": {
        "@number0/iroh": "^1.1.0"
      },
      "bin": {
        "iroh-tunnel": "bin/iroh-tunnel.js"
      },
      "engines": {
        "node": ">=20.3.0"
      }
    },
    "node_modules/@number0/iroh": {
      "version": "1.1.0",
      "resolved": "https://registry.npmjs.org/@number0/iroh/-/iroh-1.1.0.tgz",
      "integrity": "sha512-DlrJ4Sza5MiI+WwQg63lg+7eSbxlfQR2Bd+wVDjo7XTqenALD2OCRoSfPTuD12IhcvDbVHr4l7qH48DilocqYA==",
      "license": "MIT OR Apache-2.0",
      "engines": {
        "node": ">= 20.3.0"
      },
      "optionalDependencies": {
        "@number0/iroh-android-arm-eabi": "1.1.0",
        "@number0/iroh-android-arm64": "1.1.0",
        "@number0/iroh-darwin-arm64": "1.1.0",
        "@number0/iroh-linux-arm-gnueabihf": "1.1.0",
        "@number0/iroh-linux-arm-musleabihf": "1.1.0",
        "@number0/iroh-linux-arm64-gnu": "1.1.0",
        "@number0/iroh-linux-arm64-musl": "1.1.0",
        "@number0/iroh-linux-x64-gnu": "1.1.0",
        "@number0/iroh-linux-x64-musl": "1.1.0",
        "@number0/iroh-win32-arm64-msvc": "1.1.0",
        "@number0/iroh-win32-x64-msvc": "1.1.0"
      }
    },
    "node_modules/@number0/iroh-android-arm-eabi": {
      "version": "1.1.0",
      "resolved": "https://registry.npmjs.org/@number0/iroh-android-arm-eabi/-/iroh-android-arm-eabi-1.1.0.tgz",
      "integrity": "sha512-PcrwZUGdqEnR0/tus0ehulEa68wVrJRJzFjZN5iBV1Jjhgy00oQ5hKtRdCam1lYAQp3jWmRGktLHF2ejj0xAMg==",
      "cpu": [
        "arm"
      ],
      "license": "MIT",
      "optional": true,
      "os": [
        "android"
      ],
      "engines": {
        "node": ">= 10"
      }
    },
    "node_modules/@number0/iroh-android-arm64": {
      "version": "1.1.0",
      "resolved": "https://registry.npmjs.org/@number0/iroh-android-arm64/-/iroh-android-arm64-1.1.0.tgz",
      "integrity": "sha512-wmnWLRNIHYARAecXbXPwZwduoFkmI+Bt75RSa+NZ3mdXiU+hBwWbHt7x0OEDtG8sMOgGgM22nqWemeU9r+UPqA==",
      "cpu": [
        "arm64"
      ],
      "license": "MIT",
      "optional": true,
      "os": [
        "android"
      ],
      "engines": {
        "node": ">= 10"
      }
    },
    "node_modules/@number0/iroh-darwin-arm64": {
      "version": "1.1.0",
      "resolved": "https://registry.npmjs.org/@number0/iroh-darwin-arm64/-/iroh-darwin-arm64-1.1.0.tgz",
      "integrity": "sha512-CM6gaQ+6r9K0HRswc2gOKeGL8XYUHUbz7ESkgOltBFin9OsYKmIo+JVYFxlahH8C7ypGEKq1ybU22Ifcf2kXnQ==",
      "cpu": [
        "arm64"
      ],
      "license": "MIT",
      "optional": true,
      "os": [
        "darwin"
      ],
      "engines": {
        "node": ">= 10"
      }
    },
    "node_modules/@number0/iroh-linux-arm-gnueabihf": {
      "version": "1.1.0",
      "resolved": "https://registry.npmjs.org/@number0/iroh-linux-arm-gnueabihf/-/iroh-linux-arm-gnueabihf-1.1.0.tgz",
      "integrity": "sha512-5K4Kaz4gzyPo5s5LLAFO0zLXc2F0EZ3BXeMKzQc5zuPaeHQt4XqdwxozXVtn0/3EiUYqFNH1JIowagpwahxAlw==",
      "cpu": [
        "arm"
      ],
      "license": "MIT",
      "optional": true,
      "os": [
        "linux"
      ],
      "engines": {
        "node": ">= 10"
      }
    },
    "node_modules/@number0/iroh-linux-arm-musleabihf": {
      "version": "1.1.0",
      "resolved": "https://registry.npmjs.org/@number0/iroh-linux-arm-musleabihf/-/iroh-linux-arm-musleabihf-1.1.0.tgz",
      "integrity": "sha512-Bz/vWWauI9t96imq8Jq1a2La4u5K9jVTjuCgm6gjpcFIp7wivfv4syZ4HlbgVD61C3Aqjb89lnlhzMd5qE/w0w==",
      "cpu": [
        "arm"
      ],
      "license": "MIT",
      "optional": true,
      "os": [
        "linux"
      ],
      "engines": {
        "node": ">= 10"
      }
    },
    "node_modules/@number0/iroh-linux-arm64-gnu": {
      "version": "1.1.0",
      "resolved": "https://registry.npmjs.org/@number0/iroh-linux-arm64-gnu/-/iroh-linux-arm64-gnu-1.1.0.tgz",
      "integrity": "sha512-AZHpCKQEcJdXya9llNld5u+S2Cz+ehWgGzILtpEJ1qljNYJAClDovzA+5ehUVaXEc+P7ZUNQ+pIjMcWXM0cAug==",
      "cpu": [
        "arm64"
      ],
      "license": "MIT",
      "optional": true,
      "os": [
        "linux"
      ],
      "engines": {
        "node": ">= 10"
      }
    },
    "node_modules/@number0/iroh-linux-arm64-musl": {
      "version": "1.1.0",
      "resolved": "https://registry.npmjs.org/@number0/iroh-linux-arm64-musl/-/iroh-linux-arm64-musl-1.1.0.tgz",
      "integrity": "sha512-4ZS/U2L4+zk2E5cn5WmxxuUDTkdwWiyxRq0NFArRQNFbuH7mjtQok2aDIbOIFOIrTTB4x1hwb4Gt0OJw4om4SQ==",
      "cpu": [
        "arm64"
      ],
      "license": "MIT",
      "optional": true,
      "os": [
        "linux"
      ],
      "engines": {
        "node": ">= 10"
      }
    },
    "node_modules/@number0/iroh-linux-x64-gnu": {
      "version": "1.1.0",
      "resolved": "https://registry.npmjs.org/@number0/iroh-linux-x64-gnu/-/iroh-linux-x64-gnu-1.1.0.tgz",
      "integrity": "sha512-P2mo734gUjrfJgwbma1fHAyfeWqtY5IHTx53b1peei2/05JKZ2JJ4LS/YzI4qYW20mVtLKD9GS0T3q/iFYVC9Q==",
      "cpu": [
        "x64"
      ],
      "license": "MIT",
      "optional": true,
      "os": [
        "linux"
      ],
      "engines": {
        "node": ">= 10"
      }
    },
    "node_modules/@number0/iroh-linux-x64-musl": {
      "version": "1.1.0",
      "resolved": "https://registry.npmjs.org/@number0/iroh-linux-x64-musl/-/iroh-linux-x64-musl-1.1.0.tgz",
      "integrity": "sha512-GTnr8v59AeS5iGmXLyqcgLCsTAFW2w6tdfDzjyyCYr6iO3h4vZuBv9HG3CwaVU+vOzzig9ojDzauDLgl96nniw==",
      "cpu": [
        "x64"
      ],
      "license": "MIT",
      "optional": true,
      "os": [
        "linux"
      ],
      "engines": {
        "node": ">= 10"
      }
    },
    "node_modules/@number0/iroh-win32-arm64-msvc": {
      "version": "1.1.0",
      "resolved": "https://registry.npmjs.org/@number0/iroh-win32-arm64-msvc/-/iroh-win32-arm64-msvc-1.1.0.tgz",
      "integrity": "sha512-LvG4Vcw8D7tFAxZpuZsh6rmyW1YmtS3McDIQjEUNhf9VNBFzQ7WHyEIxdr1GAg/HvC8rmPJ1MQBM24RCDbdUew==",
      "cpu": [
        "arm64"
      ],
      "license": "MIT",
      "optional": true,
      "os": [
        "win32"
      ],
      "engines": {
        "node": ">= 10"
      }
    },
    "node_modules/@number0/iroh-win32-x64-msvc": {
      "version": "1.1.0",
      "resolved": "https://registry.npmjs.org/@number0/iroh-win32-x64-msvc/-/iroh-win32-x64-msvc-1.1.0.tgz",
      "integrity": "sha512-1eSztLtesLu2tHdAgr9KNPBsSVdiz2+MDHNvCVDtH+UQAN8F+21YqAAbRJB0ctBvB5zcGeTwYawGaqVMTyRVJg==",
      "cpu": [
        "x64"
      ],
      "license": "MIT",
      "optional": true,
      "os": [
        "win32"
      ],
      "engines": {
        "node": ">= 10"
      }
    }
  }
}
